// !$*UTF8*$!
{
	archiveVersion = 1;
	classes = {
	};
	objectVersion = 46;
	objects = {

/* Begin PBXBuildFile section */
		327109DA1AE6C615000295C3 /* AppDelegate.swift in Sources */ = {isa = PBXBuildFile; fileRef = 327109D91AE6C615000295C3 /* AppDelegate.swift */; };
		327109DC1AE6C615000295C3 /* ViewController.swift in Sources */ = {isa = PBXBuildFile; fileRef = 327109DB1AE6C615000295C3 /* ViewController.swift */; };
		327109DE1AE6C615000295C3 /* Images.xcassets in Resources */ = {isa = PBXBuildFile; fileRef = 327109DD1AE6C615000295C3 /* Images.xcassets */; };
		327109E11AE6C616000295C3 /* Main.storyboard in Resources */ = {isa = PBXBuildFile; fileRef = 327109DF1AE6C616000295C3 /* Main.storyboard */; };
		327109ED1AE6C616000295C3 /* inClass_TableViewBluetoothChatTests.swift in Sources */ = {isa = PBXBuildFile; fileRef = 327109EC1AE6C616000295C3 /* inClass_TableViewBluetoothChatTests.swift */; };
/* End PBXBuildFile section */

/* Begin PBXContainerItemProxy section */
		327109E71AE6C616000295C3 /* PBXContainerItemProxy */ = {
			isa = PBXContainerItemProxy;
			containerPortal = 327109CC1AE6C615000295C3 /* Project object */;
			proxyType = 1;
			remoteGlobalIDString = 327109D31AE6C615000295C3;
			remoteInfo = "inClass-TableViewBluetoothChat";
		};
/* End PBXContainerItemProxy section */

/* Begin PBXFileReference section */
		327109D41AE6C615000295C3 /* inClass-TableViewBluetoothChat.app */ = {isa = PBXFileReference; explicitFileType = wrapper.application; includeInIndex = 0; path = "inClass-TableViewBluetoothChat.app"; sourceTree = BUILT_PRODUCTS_DIR; };
		327109D81AE6C615000295C3 /* Info.plist */ = {isa = PBXFileReference; lastKnownFileType = text.plist.xml; path = Info.plist; sourceTree = "<group>"; };
		327109D91AE6C615000295C3 /* AppDelegate.swift */ = {isa = PBXFileReference; lastKnownFileType = sourcecode.swift; path = AppDelegate.swift; sourceTree = "<group>"; };
		327109DB1AE6C615000295C3 /* ViewController.swift */ = {isa = PBXFileReference; lastKnownFileType = sourcecode.swift; path = ViewController.swift; sourceTree = "<group>"; };
		327109DD1AE6C615000295C3 /* Images.xcassets */ = {isa = PBXFileReference; lastKnownFileType = folder.assetcatalog; path = Images.xcassets; sourceTree = "<group>"; };
		327109E01AE6C616000295C3 /* Base */ = {isa = PBXFileReference; lastKnownFileType = file.storyboard; name = Base; path = Base.lproj/Main.storyboard; sourceTree = "<group>"; };
		327109E61AE6C616000295C3 /* inClass-TableViewBluetoothChatTests.xctest */ = {isa = PBXFileReference; explicitFileType = wrapper.cfbundle; includeInIndex = 0; path = "inClass-TableViewBluetoothChatTests.xctest"; sourceTree = BUILT_PRODUCTS_DIR; };
		327109EB1AE6C616000295C3 /* Info.plist */ = {isa = PBXFileReference; lastKnownFileType = text.plist.xml; path = Info.plist; sourceTree = "<group>"; };
		327109EC1AE6C616000295C3 /* inClass_TableViewBluetoothChatTests.swift */ = {isa = PBXFileReference; lastKnownFileType = sourcecode.swift; path = inClass_TableViewBluetoothChatTests.swift; sourceTree = "<group>"; };
/* End PBXFileReference section */

/* Begin PBXFrameworksBuildPhase section */
		327109D11AE6C615000295C3 /* Frameworks */ = {
			isa = PBXFrameworksBuildPhase;
			buildActionMask = 2147483647;
			files = (
			);
			runOnlyForDeploymentPostprocessing = 0;
		};
		327109E31AE6C616000295C3 /* Frameworks */ = {
			isa = PBXFrameworksBuildPhase;
			buildActionMask = 2147483647;
			files = (
			);
			runOnlyForDeploymentPostprocessing = 0;
		};
/* End PBXFrameworksBuildPhase section */

/* Begin PBXGroup section */
		327109CB1AE6C615000295C3 = {
			isa = PBXGroup;
			children = (
				327109D61AE6C615000295C3 /* inClass-TableViewBluetoothChat */,
				327109E91AE6C616000295C3 /* inClass-TableViewBluetoothChatTests */,
				327109D51AE6C615000295C3 /* Products */,
			);
			sourceTree = "<group>";
		};
		327109D51AE6C615000295C3 /* Products */ = {
			isa = PBXGroup;
			children = (
				327109D41AE6C615000295C3 /* inClass-TableViewBluetoothChat.app */,
				327109E61AE6C616000295C3 /* inClass-TableViewBluetoothChatTests.xctest */,
			);
			name = Products;
			sourceTree = "<group>";
		};
		327109D61AE6C615000295C3 /* inClass-TableViewBluetoothChat */ = {
			isa = PBXGroup;
			children = (
				327109D91AE6C615000295C3 /* AppDelegate.swift */,
				327109DB1AE6C615000295C3 /* ViewController.swift */,
				327109DD1AE6C615000295C3 /* Images.xcassets */,
				327109DF1AE6C616000295C3 /* Main.storyboard */,
				327109D71AE6C615000295C3 /* Supporting Files */,
			);
			path = "inClass-TableViewBluetoothChat";
			sourceTree = "<group>";
		};
		327109D71AE6C615000295C3 /* Supporting Files */ = {
			isa = PBXGroup;
			children = (
				327109D81AE6C615000295C3 /* Info.plist */,
			);
			name = "Supporting Files";
			sourceTree = "<group>";
		};
		327109E91AE6C616000295C3 /* inClass-TableViewBluetoothChatTests */ = {
			isa = PBXGroup;
			children = (
				327109EC1AE6C616000295C3 /* inClass_TableViewBluetoothChatTests.swift */,
				327109EA1AE6C616000295C3 /* Supporting Files */,
			);
			path = "inClass-TableViewBluetoothChatTests";
			sourceTree = "<group>";
		};
		327109EA1AE6C616000295C3 /* Supporting Files */ = {
			isa = PBXGroup;
			children = (
				327109EB1AE6C616000295C3 /* Info.plist */,
			);
			name = "Supporting Files";
			sourceTree = "<group>";
		};
/* End PBXGroup section */

/* Begin PBXNativeTarget section */
		327109D31AE6C615000295C3 /* inClass-TableViewBluetoothChat */ = {
			isa = PBXNativeTarget;
			buildConfigurationList = 327109F01AE6C616000295C3 /* Build configuration list for PBXNativeTarget "inClass-TableViewBluetoothChat" */;
			buildPhases = (
				327109D01AE6C615000295C3 /* Sources */,
				327109D11AE6C615000295C3 /* Frameworks */,
				327109D21AE6C615000295C3 /* Resources */,
			);
			buildRules = (
			);
			dependencies = (
			);
			name = "inClass-TableViewBluetoothChat";
			productName = "inClass-TableViewBluetoothChat";
			productReference = 327109D41AE6C615000295C3 /* inClass-TableViewBluetoothChat.app */;
			productType = "com.apple.product-type.application";
		};
		327109E51AE6C616000295C3 /* inClass-TableViewBluetoothChatTests */ = {
			isa = PBXNativeTarget;
			buildConfigurationList = 327109F31AE6C616000295C3 /* Build configuration list for PBXNativeTarget "inClass-TableViewBluetoothChatTests" */;
			buildPhases = (
				327109E21AE6C616000295C3 /* Sources */,
				327109E31AE6C616000295C3 /* Frameworks */,
				327109E41AE6C616000295C3 /* Resources */,
			);
			buildRules = (
			);
			dependencies = (
				327109E81AE6C616000295C3 /* PBXTargetDependency */,
			);
			name = "inClass-TableViewBluetoothChatTests";
			productName = "inClass-TableViewBluetoothChatTests";
			productReference = 327109E61AE6C616000295C3 /* inClass-TableViewBluetoothChatTests.xctest */;
			productType = "com.apple.product-type.bundle.unit-test";
		};
/* End PBXNativeTarget section */

/* Begin PBXProject section */
		327109CC1AE6C615000295C3 /* Project object */ = {
			isa = PBXProject;
			attributes = {
				LastUpgradeCheck = 0630;
				ORGANIZATIONNAME = md;
				TargetAttributes = {
					327109D31AE6C615000295C3 = {
						CreatedOnToolsVersion = 6.3;
					};
					327109E51AE6C616000295C3 = {
						CreatedOnToolsVersion = 6.3;
						TestTargetID = 327109D31AE6C615000295C3;
					};
				};
			};
			buildConfigurationList = 327109CF1AE6C615000295C3 /* Build configuration list for PBXProject "inClass-TableViewBluetoothChat" */;
			compatibilityVersion = "Xcode 3.2";
			developmentRegion = English;
			hasScannedForEncodings = 0;
			knownRegions = (
				en,
				Base,
			);
			mainGroup = 327109CB1AE6C615000295C3;
			productRefGroup = 327109D51AE6C615000295C3 /* Products */;
			projectDirPath = "";
			projectRoot = "";
			targets = (
				327109D31AE6C615000295C3 /* inClass-TableViewBluetoothChat */,
				327109E51AE6C616000295C3 /* inClass-TableViewBluetoothChatTests */,
			);
		};
/* End PBXProject section */

/* Begin PBXResourcesBuildPhase section */
		327109D21AE6C615000295C3 /* Resources */ = {
			isa = PBXResourcesBuildPhase;
			buildActionMask = 2147483647;
			files = (
				327109DE1AE6C615000295C3 /* Images.xcassets in Resources */,
				327109E11AE6C616000295C3 /* Main.storyboard in Resources */,
			);
			runOnlyForDeploymentPostprocessing = 0;
		};
		327109E41AE6C616000295C3 /* Resources */ = {
			isa = PBXResourcesBuildPhase;
			buildActionMask = 2147483647;
			files = (
			);
			runOnlyForDeploymentPostprocessing = 0;
		};
/* End PBXResourcesBuildPhase section */

/* Begin PBXSourcesBuildPhase section */
		327109D01AE6C615000295C3 /* Sources */ = {
			isa = PBXSourcesBuildPhase;
			buildActionMask = 2147483647;
			files = (
				327109DC1AE6C615000295C3 /* ViewController.swift in Sources */,
				327109DA1AE6C615000295C3 /* AppDelegate.swift in Sources */,
			);
			runOnlyForDeploymentPostprocessing = 0;
		};
		327109E21AE6C616000295C3 /* Sources */ = {
			isa = PBXSourcesBuildPhase;
			buildActionMask = 2147483647;
			files = (
				327109ED1AE6C616000295C3 /* inClass_TableViewBluetoothChatTests.swift in Sources */,
			);
			runOnlyForDeploymentPostprocessing = 0;
		};
/* End PBXSourcesBuildPhase section */

/* Begin PBXTargetDependency section */
		327109E81AE6C616000295C3 /* PBXTargetDependency */ = {
			isa = PBXTargetDependency;
			target = 327109D31AE6C615000295C3 /* inClass-TableViewBluetoothChat */;
			targetProxy = 327109E71AE6C616000295C3 /* PBXContainerItemProxy */;
		};
/* End PBXTargetDependency section */

/* Begin PBXVariantGroup section */
		327109DF1AE6C616000295C3 /* Main.storyboard */ = {
			isa = PBXVariantGroup;
			children = (
				327109E01AE6C616000295C3 /* Base */,
			);
			name = Main.storyboard;
			sourceTree = "<group>";
		};
/* End PBXVariantGroup section */

/* Begin XCBuildConfiguration section */
		327109EE1AE6C616000295C3 /* Debug */ = {
			isa = XCBuildConfiguration;
			buildSettings = {
				ALWAYS_SEARCH_USER_PATHS = NO;
				CLANG_CXX_LANGUAGE_STANDARD = "gnu++0x";
				CLANG_CXX_LIBRARY = "libc++";
				CLANG_ENABLE_MODULES = YES;
				CLANG_ENABLE_OBJC_ARC = YES;
				CLANG_WARN_BOOL_CONVERSION = YES;
				CLANG_WARN_CONSTANT_CONVERSION = YES;
				CLANG_WARN_DIRECT_OBJC_ISA_USAGE = YES_ERROR;
				CLANG_WARN_EMPTY_BODY = YES;
				CLANG_WARN_ENUM_CONVERSION = YES;
				CLANG_WARN_INT_CONVERSION = YES;
				CLANG_WARN_OBJC_ROOT_CLASS = YES_ERROR;
				CLANG_WARN_UNREACHABLE_CODE = YES;
				CLANG_WARN__DUPLICATE_METHOD_MATCH = YES;
				CODE_SIGN_IDENTITY = "-";
				COPY_PHASE_STRIP = NO;
				DEBUG_INFORMATION_FORMAT = dwarf;
				ENABLE_STRICT_OBJC_MSGSEND = YES;
				GCC_C_LANGUAGE_STANDARD = gnu99;
				GCC_DYNAMIC_NO_PIC = NO;
				GCC_NO_COMMON_BLOCKS = YES;
				GCC_OPTIMIZATION_LEVEL = 0;
				GCC_PREPROCESSOR_DEFINITIONS = (
					"DEBUG=1",
					"$(inherited)",
				);
				GCC_SYMBOLS_PRIVATE_EXTERN = NO;
				GCC_WARN_64_TO_32_BIT_CONVERSION = YES;
				GCC_WARN_ABOUT_RETURN_TYPE = YES_ERROR;
				GCC_WARN_UNDECLARED_SELECTOR = YES;
				GCC_WARN_UNINITIALIZED_AUTOS = YES_AGGRESSIVE;
				GCC_WARN_UNUSED_FUNCTION = YES;
				GCC_WARN_UNUSED_VARIABLE = YES;
				MACOSX_DEPLOYMENT_TARGET = 10.10;
				MTL_ENABLE_DEBUG_INFO = YES;
				ONLY_ACTIVE_ARCH = YES;
				SDKROOT = macosx;
				SWIFT_OPTIMIZATION_LEVEL = "-Onone";
			};
			name = Debug;
		};
		327109EF1AE6C616000295C3 /* Release */ = {
			isa = XCBuildConfiguration;
			buildSettings = {
				ALWAYS_SEARCH_USER_PATHS = NO;
				CLANG_CXX_LANGUAGE_STANDARD = "gnu++0x";
				CLANG_CXX_LIBRARY = "libc++";
				CLANG_ENABLE_MODULES = YES;
				CLANG_ENABLE_OBJC_ARC = YES;
				CLANG_WARN_BOOL_CONVERSION = YES;
				CLANG_WARN_CONSTANT_CONVERSION = YES;
				CLANG_WARN_DIRECT_OBJC_ISA_USAGE = YES_ERROR;
				CLANG_WARN_EMPTY_BODY = YES;
				CLANG_WARN_ENUM_CONVERSION = YES;
				CLANG_WARN_INT_CONVERSION = YES;
				CLANG_WARN_OBJC_ROOT_CLASS = YES_ERROR;
				CLANG_WARN_UNREACHABLE_CODE = YES;
				CLANG_WARN__DUPLICATE_METHOD_MATCH = YES;
				CODE_SIGN_IDENTITY = "-";
				COPY_PHASE_STRIP = NO;
				DEBUG_INFORMATION_FORMAT = "dwarf-with-dsym";
				ENABLE_NS_ASSERTIONS = NO;
				ENABLE_STRICT_OBJC_MSGSEND = YES;
				GCC_C_LANGUAGE_STANDARD = gnu99;
				GCC_NO_COMMON_BLOCKS = YES;
				GCC_WARN_64_TO_32_BIT_CONVERSION = YES;
				GCC_WARN_ABOUT_RETURN_TYPE = YES_ERROR;
				GCC_WARN_UNDECLARED_SELECTOR = YES;
				GCC_WARN_UNINITIALIZED_AUTOS = YES_AGGRESSIVE;
				GCC_WARN_UNUSED_FUNCTION = YES;
				GCC_WARN_UNUSED_VARIABLE = YES;
				MACOSX_DEPLOYMENT_TARGET = 10.10;
				MTL_ENABLE_DEBUG_INFO = NO;
				SDKROOT = macosx;
			};
			name = Release;
		};
		327109F11AE6C616000295C3 /* Debug */ = {
			isa = XCBuildConfiguration;
			buildSettings = {
				ASSETCATALOG_COMPILER_APPICON_NAME = AppIcon;
				COMBINE_HIDPI_IMAGES = YES;
				INFOPLIST_FILE = "inClass-TableViewBluetoothChat/Info.plist";
				LD_RUNPATH_SEARCH_PATHS = "$(inherited) @executable_path/../Frameworks";
				PRODUCT_NAME = "$(TARGET_NAME)";
			};
			name = Debug;
		};
		327109F21AE6C616000295C3 /* Release */ = {
			isa = XCBuildConfiguration;
			buildSettings = {
				ASSETCATALOG_COMPILER_APPICON_NAME = AppIcon;
				COMBINE_HIDPI_IMAGES = YES;
				INFOPLIST_FILE = "inClass-TableViewBluetoothChat/Info.plist";
				LD_RUNPATH_SEARCH_PATHS = "$(inherited) @executable_path/../Frameworks";
				PRODUCT_NAME = "$(TARGET_NAME)";
			};
			name = Release;
		};
		327109F41AE6C616000295C3 /* Debug */ = {
			isa = XCBuildConfiguration;
			buildSettings = {
				BUNDLE_LOADER = "$(TEST_HOST)";
				COMBINE_HIDPI_IMAGES = YES;
				FRAMEWORK_SEARCH_PATHS = (
					"$(DEVELOPER_FRAMEWORKS_DIR)",
					"$(inherited)",
				);
				GCC_PREPROCESSOR_DEFINITIONS = (
					"DEBUG=1",
					"$(inherited)",
				);
				INFOPLIST_FILE = "inClass-TableViewBluetoothChatTests/Info.plist";
				LD_RUNPATH_SEARCH_PATHS = "$(inherited) @executable_path/../Frameworks @loader_path/../Frameworks";
				PRODUCT_NAME = "$(TARGET_NAME)";
				TEST_HOST = "$(BUILT_PRODUCTS_DIR)/inClass-TableViewBluetoothChat.app/Contents/MacOS/inClass-TableViewBluetoothChat";
			};
			name = Debug;
		};
		327109F51AE6C616000295C3 /* Release */ = {
			isa = XCBuildConfiguration;
			buildSettings = {
				BUNDLE_LOADER = "$(TEST_HOST)";
				COMBINE_HIDPI_IMAGES = YES;
				FRAMEWORK_SEARCH_PATHS = (
					"$(DEVELOPER_FRAMEWORKS_DIR)",
					"$(inherited)",
				);
				INFOPLIST_FILE = "inClass-TableViewBluetoothChatTests/Info.plist";
				LD_RUNPATH_SEARCH_PATHS = "$(inherited) @executable_path/../Frameworks @loader_path/../Frameworks";
				PRODUCT_NAME = "$(TARGET_NAME)";
				TEST_HOST = "$(BUILT_PRODUCTS_DIR)/inClass-TableViewBluetoothChat.app/Contents/MacOS/inClass-TableViewBluetoothChat";
			};
			name = Release;
		};
/* End XCBuildConfiguration section */

/* Begin XCConfigurationList section */
		327109CF1AE6C615000295C3 /* Build configuration list for PBXProject "inClass-TableViewBluetoothChat" */ = {
			isa = XCConfigurationList;
			buildConfigurations = (
				327109EE1AE6C616000295C3 /* Debug */,
				327109EF1AE6C616000295C3 /* Release */,
			);
			defaultConfigurationIsVisible = 0;
			defaultConfigurationName = Release;
		};
		327109F01AE6C616000295C3 /* Build configuration list for PBXNativeTarget "inClass-TableViewBluetoothChat" */ = {
			isa = XCConfigurationList;
			buildConfigurations = (
				327109F11AE6C616000295C3 /* Debug */,
				327109F21AE6C616000295C3 /* Release */,
			);
			defaultConfigurationIsVisible = 0;
		};
		327109F31AE6C616000295C3 /* Build configuration list for PBXNativeTarget "inClass-TableViewBluetoothChatTests" */ = {
			isa = XCConfigurationList;
			buildConfigurations = (
				327109F41AE6C616000295C3 /* Debug */,
				327109F51AE6C616000295C3 /* Release */,
			);
			defaultConfigurationIsVisible = 0;
		};
/* End XCConfigurationList section */
	};
	rootObject = 327109CC1AE6C615000295C3 /* Project object */;
}
